
Microsoft Visual Studio Solution File, Format Version 12.00
# Visual Studio Version 17
VisualStudioVersion = 17.3.32819.101
MinimumVisualStudioVersion = 10.0.40219.1
Project("{FAE04EC0-301F-11D3-BF4B-00C04F79EFBC}") = "Sem2.OpenGl", "Sem2.OpenGl\Sem2.OpenGl.csproj", "{8E303D43-AE82-4EFD-B5F9-B145241BE6BE}"
EndProject
Global
	GlobalSection(SolutionConfigurationPlatforms) = preSolution
		Debug|Any CPU = Debug|Any CPU
		Release|Any CPU = Release|Any CPU
	EndGlobalSection
	GlobalSection(ProjectConfigurationPlatforms) = postSolution
		{8E303D43-AE82-4EFD-B5F9-B145241BE6BE}.Debug|Any CPU.ActiveCfg = Debug|Any CPU
		{8E303D43-AE82-4EFD-B5F9-B145241BE6BE}.Debug|Any CPU.Build.0 = Debug|Any CPU
		{8E303D43-AE82-4EFD-B5F9-B145241BE6BE}.Release|Any CPU.ActiveCfg = Release|Any CPU
		{8E303D43-AE82-4EFD-B5F9-B145241BE6BE}.Release|Any CPU.Build.0 = Release|Any CPU
	EndGlobalSection
	GlobalSection(SolutionProperties) = preSolution
		HideSolutionNode = FALSE
	EndGlobalSection
	GlobalSection(ExtensibilityGlobals) = postSolution
		SolutionGuid = {FD915247-EAB8-4545-A371-33F289A67C94}
	EndGlobalSection
EndGlobal
